
Microsoft Visual Studio Solution File, Format Version 12.00
# Visual Studio Version 16
VisualStudioVersion = 16.0.31829.152
MinimumVisualStudioVersion = 10.0.40219.1
Project("{FAE04EC0-301F-11D3-BF4B-00C04F79EFBC}") = "Estudio1", "Estudio1.csproj", "{CE053D87-62D6-4683-AD89-9862E6005191}"
EndProject
Global
	GlobalSection(SolutionConfigurationPlatforms) = preSolution
		Debug|Any CPU = Debug|Any CPU
		Release|Any CPU = Release|Any CPU
	EndGlobalSection
	GlobalSection(ProjectConfigurationPlatforms) = postSolution
		{CE053D87-62D6-4683-AD89-9862E6005191}.Debug|Any CPU.ActiveCfg = Debug|Any CPU
		{CE053D87-62D6-4683-AD89-9862E6005191}.Debug|Any CPU.Build.0 = Debug|Any CPU
		{CE053D87-62D6-4683-AD89-9862E6005191}.Release|Any CPU.ActiveCfg = Release|Any CPU
		{CE053D87-62D6-4683-AD89-9862E6005191}.Release|Any CPU.Build.0 = Release|Any CPU
	EndGlobalSection
	GlobalSection(SolutionProperties) = preSolution
		HideSolutionNode = FALSE
	EndGlobalSection
	GlobalSection(ExtensibilityGlobals) = postSolution
		SolutionGuid = {B810A94B-9992-4736-9C5F-6E422238756E}
	EndGlobalSection
EndGlobal
